<Solution>
  <Project Path="PairedBackend.Application/PairedBackend.Application.csproj" Id="4f18ed66-9054-453d-8498-1600dd604c12" />
  <Project Path="PairedBackend.Contracts/PairedBackend.Contracts.csproj" Id="63a23ef5-6aa9-4729-a524-03f2bf34ad13" />
  <Project Path="PairedBackend.Domain/PairedBackend.Domain.csproj" Id="6b3adf1e-5610-4a8c-98e9-f3a5937d99a0" />
  <Project Path="PairedBackend.Infractructure/PairedBackend.Infractructure.csproj" Id="176f1bbf-bc9c-4ea5-9bf6-6bc078932500" />
  <Project Path="PairedBackend/PairedBackend.API.csproj" />
</Solution>
